
Microsoft Visual Studio Solution File, Format Version 12.00
# Visual Studio Version 17
VisualStudioVersion = 17.0.31903.59
MinimumVisualStudioVersion = 10.0.40219.1
Project("{FAE04EC0-301F-11D3-BF4B-00C04F79EFBC}") = "UsersService.API", "UsersService.API\UsersService.API.csproj", "{A952DB11-529F-4824-8B8C-494F87CAF69D}"
EndProject
Project("{FAE04EC0-301F-11D3-BF4B-00C04F79EFBC}") = "UsersService.Application", "UsersService.Application\UsersService.Application.csproj", "{63EE04BC-5864-4587-AA22-2275F9A7EA16}"
EndProject
Project("{FAE04EC0-301F-11D3-BF4B-00C04F79EFBC}") = "UsersService.Domain", "UsersService.Domain\UsersService.Domain.csproj", "{D8C7DA68-708F-4016-BB3A-F8C582450CF1}"
EndProject
Project("{FAE04EC0-301F-11D3-BF4B-00C04F79EFBC}") = "UsersService.Infrastructure", "UsersService.Infrastructure\UsersService.Infrastructure.csproj", "{34319102-9D00-40E4-A9EA-34FA8B9BF9B4}"
EndProject
Global
	GlobalSection(SolutionConfigurationPlatforms) = preSolution
		Debug|Any CPU = Debug|Any CPU
		Debug|x64 = Debug|x64
		Debug|x86 = Debug|x86
		Release|Any CPU = Release|Any CPU
		Release|x64 = Release|x64
		Release|x86 = Release|x86
	EndGlobalSection
	GlobalSection(ProjectConfigurationPlatforms) = postSolution
		{A952DB11-529F-4824-8B8C-494F87CAF69D}.Debug|Any CPU.ActiveCfg = Debug|Any CPU
		{A952DB11-529F-4824-8B8C-494F87CAF69D}.Debug|Any CPU.Build.0 = Debug|Any CPU
		{A952DB11-529F-4824-8B8C-494F87CAF69D}.Debug|x64.ActiveCfg = Debug|Any CPU
		{A952DB11-529F-4824-8B8C-494F87CAF69D}.Debug|x64.Build.0 = Debug|Any CPU
		{A952DB11-529F-4824-8B8C-494F87CAF69D}.Debug|x86.ActiveCfg = Debug|Any CPU
		{A952DB11-529F-4824-8B8C-494F87CAF69D}.Debug|x86.Build.0 = Debug|Any CPU
		{A952DB11-529F-4824-8B8C-494F87CAF69D}.Release|Any CPU.ActiveCfg = Release|Any CPU
		{A952DB11-529F-4824-8B8C-494F87CAF69D}.Release|Any CPU.Build.0 = Release|Any CPU
		{A952DB11-529F-4824-8B8C-494F87CAF69D}.Release|x64.ActiveCfg = Release|Any CPU
		{A952DB11-529F-4824-8B8C-494F87CAF69D}.Release|x64.Build.0 = Release|Any CPU
		{A952DB11-529F-4824-8B8C-494F87CAF69D}.Release|x86.ActiveCfg = Release|Any CPU
		{A952DB11-529F-4824-8B8C-494F87CAF69D}.Release|x86.Build.0 = Release|Any CPU
		{63EE04BC-5864-4587-AA22-2275F9A7EA16}.Debug|Any CPU.ActiveCfg = Debug|Any CPU
		{63EE04BC-5864-4587-AA22-2275F9A7EA16}.Debug|Any CPU.Build.0 = Debug|Any CPU
		{63EE04BC-5864-4587-AA22-2275F9A7EA16}.Debug|x64.ActiveCfg = Debug|Any CPU
		{63EE04BC-5864-4587-AA22-2275F9A7EA16}.Debug|x64.Build.0 = Debug|Any CPU
		{63EE04BC-5864-4587-AA22-2275F9A7EA16}.Debug|x86.ActiveCfg = Debug|Any CPU
		{63EE04BC-5864-4587-AA22-2275F9A7EA16}.Debug|x86.Build.0 = Debug|Any CPU
		{63EE04BC-5864-4587-AA22-2275F9A7EA16}.Release|Any CPU.ActiveCfg = Release|Any CPU
		{63EE04BC-5864-4587-AA22-2275F9A7EA16}.Release|Any CPU.Build.0 = Release|Any CPU
		{63EE04BC-5864-4587-AA22-2275F9A7EA16}.Release|x64.ActiveCfg = Release|Any CPU
		{63EE04BC-5864-4587-AA22-2275F9A7EA16}.Release|x64.Build.0 = Release|Any CPU
		{63EE04BC-5864-4587-AA22-2275F9A7EA16}.Release|x86.ActiveCfg = Release|Any CPU
		{63EE04BC-5864-4587-AA22-2275F9A7EA16}.Release|x86.Build.0 = Release|Any CPU
		{D8C7DA68-708F-4016-BB3A-F8C582450CF1}.Debug|Any CPU.ActiveCfg = Debug|Any CPU
		{D8C7DA68-708F-4016-BB3A-F8C582450CF1}.Debug|Any CPU.Build.0 = Debug|Any CPU
		{D8C7DA68-708F-4016-BB3A-F8C582450CF1}.Debug|x64.ActiveCfg = Debug|Any CPU
		{D8C7DA68-708F-4016-BB3A-F8C582450CF1}.Debug|x64.Build.0 = Debug|Any CPU
		{D8C7DA68-708F-4016-BB3A-F8C582450CF1}.Debug|x86.ActiveCfg = Debug|Any CPU
		{D8C7DA68-708F-4016-BB3A-F8C582450CF1}.Debug|x86.Build.0 = Debug|Any CPU
		{D8C7DA68-708F-4016-BB3A-F8C582450CF1}.Release|Any CPU.ActiveCfg = Release|Any CPU
		{D8C7DA68-708F-4016-BB3A-F8C582450CF1}.Release|Any CPU.Build.0 = Release|Any CPU
		{D8C7DA68-708F-4016-BB3A-F8C582450CF1}.Release|x64.ActiveCfg = Release|Any CPU
		{D8C7DA68-708F-4016-BB3A-F8C582450CF1}.Release|x64.Build.0 = Release|Any CPU
		{D8C7DA68-708F-4016-BB3A-F8C582450CF1}.Release|x86.ActiveCfg = Release|Any CPU
		{D8C7DA68-708F-4016-BB3A-F8C582450CF1}.Release|x86.Build.0 = Release|Any CPU
		{34319102-9D00-40E4-A9EA-34FA8B9BF9B4}.Debug|Any CPU.ActiveCfg = Debug|Any CPU
		{34319102-9D00-40E4-A9EA-34FA8B9BF9B4}.Debug|Any CPU.Build.0 = Debug|Any CPU
		{34319102-9D00-40E4-A9EA-34FA8B9BF9B4}.Debug|x64.ActiveCfg = Debug|Any CPU
		{34319102-9D00-40E4-A9EA-34FA8B9BF9B4}.Debug|x64.Build.0 = Debug|Any CPU
		{34319102-9D00-40E4-A9EA-34FA8B9BF9B4}.Debug|x86.ActiveCfg = Debug|Any CPU
		{34319102-9D00-40E4-A9EA-34FA8B9BF9B4}.Debug|x86.Build.0 = Debug|Any CPU
		{34319102-9D00-40E4-A9EA-34FA8B9BF9B4}.Release|Any CPU.ActiveCfg = Release|Any CPU
		{34319102-9D00-40E4-A9EA-34FA8B9BF9B4}.Release|Any CPU.Build.0 = Release|Any CPU
		{34319102-9D00-40E4-A9EA-34FA8B9BF9B4}.Release|x64.ActiveCfg = Release|Any CPU
		{34319102-9D00-40E4-A9EA-34FA8B9BF9B4}.Release|x64.Build.0 = Release|Any CPU
		{34319102-9D00-40E4-A9EA-34FA8B9BF9B4}.Release|x86.ActiveCfg = Release|Any CPU
		{34319102-9D00-40E4-A9EA-34FA8B9BF9B4}.Release|x86.Build.0 = Release|Any CPU
	EndGlobalSection
	GlobalSection(SolutionProperties) = preSolution
		HideSolutionNode = FALSE
	EndGlobalSection
EndGlobal
